
Microsoft Visual Studio Solution File, Format Version 12.00
# Visual Studio 15
VisualStudioVersion = 15.0.28307.572
MinimumVisualStudioVersion = 10.0.40219.1
Project("{FAE04EC0-301F-11D3-BF4B-00C04F79EFBC}") = "LinqDemo", "LinqDemo\LinqDemo.csproj", "{985F3F4B-40BC-4A34-82D0-B91DEBBEEDF8}"
EndProject
Global
	GlobalSection(SolutionConfigurationPlatforms) = preSolution
		Debug|Any CPU = Debug|Any CPU
		Release|Any CPU = Release|Any CPU
	EndGlobalSection
	GlobalSection(ProjectConfigurationPlatforms) = postSolution
		{985F3F4B-40BC-4A34-82D0-B91DEBBEEDF8}.Debug|Any CPU.ActiveCfg = Debug|Any CPU
		{985F3F4B-40BC-4A34-82D0-B91DEBBEEDF8}.Debug|Any CPU.Build.0 = Debug|Any CPU
		{985F3F4B-40BC-4A34-82D0-B91DEBBEEDF8}.Release|Any CPU.ActiveCfg = Release|Any CPU
		{985F3F4B-40BC-4A34-82D0-B91DEBBEEDF8}.Release|Any CPU.Build.0 = Release|Any CPU
	EndGlobalSection
	GlobalSection(SolutionProperties) = preSolution
		HideSolutionNode = FALSE
	EndGlobalSection
	GlobalSection(ExtensibilityGlobals) = postSolution
		SolutionGuid = {1D6EC3BC-6BB7-49E7-9FE0-37117498B82F}
	EndGlobalSection
EndGlobal
